
Microsoft Visual Studio Solution File, Format Version 12.00
# Visual Studio Version 16
VisualStudioVersion = 16.0.32802.440
MinimumVisualStudioVersion = 10.0.40219.1
Project("{FAE04EC0-301F-11D3-BF4B-00C04F79EFBC}") = "ASP_JulyExample", "ASP_JulyExample\ASP_JulyExample.csproj", "{D3DDB517-FE73-4E7E-BAA3-441C32956B72}"
EndProject
Global
	GlobalSection(SolutionConfigurationPlatforms) = preSolution
		Debug|Any CPU = Debug|Any CPU
		Release|Any CPU = Release|Any CPU
	EndGlobalSection
	GlobalSection(ProjectConfigurationPlatforms) = postSolution
		{D3DDB517-FE73-4E7E-BAA3-441C32956B72}.Debug|Any CPU.ActiveCfg = Debug|Any CPU
		{D3DDB517-FE73-4E7E-BAA3-441C32956B72}.Debug|Any CPU.Build.0 = Debug|Any CPU
		{D3DDB517-FE73-4E7E-BAA3-441C32956B72}.Release|Any CPU.ActiveCfg = Release|Any CPU
		{D3DDB517-FE73-4E7E-BAA3-441C32956B72}.Release|Any CPU.Build.0 = Release|Any CPU
	EndGlobalSection
	GlobalSection(SolutionProperties) = preSolution
		HideSolutionNode = FALSE
	EndGlobalSection
	GlobalSection(ExtensibilityGlobals) = postSolution
		SolutionGuid = {F241E5E6-F801-4DF0-89FE-87FE20F75746}
	EndGlobalSection
EndGlobal
